
Microsoft Visual Studio Solution File, Format Version 12.00
# Visual Studio 2013
VisualStudioVersion = 12.0.40629.0
MinimumVisualStudioVersion = 10.0.40219.1
Project("{FAE04EC0-301F-11D3-BF4B-00C04F79EFBC}") = "ComicCreator", "ComicCreator\ComicCreator.csproj", "{742C16B7-9DA6-431B-8BDC-02C862A08D49}"
EndProject
Project("{2150E333-8FDC-42A3-9474-1A3956D46DE8}") = ".nuget", ".nuget", "{9348F5C3-65F4-43AF-BA16-45D5A614A7B5}"
	ProjectSection(SolutionItems) = preProject
		.nuget\NuGet.Config = .nuget\NuGet.Config
		.nuget\NuGet.exe = .nuget\NuGet.exe
		.nuget\NuGet.targets = .nuget\NuGet.targets
	EndProjectSection
EndProject
Global
	GlobalSection(SolutionConfigurationPlatforms) = preSolution
		Debug|Any CPU = Debug|Any CPU
		Release|Any CPU = Release|Any CPU
	EndGlobalSection
	GlobalSection(ProjectConfigurationPlatforms) = postSolution
		{742C16B7-9DA6-431B-8BDC-02C862A08D49}.Debug|Any CPU.ActiveCfg = Debug|Any CPU
		{742C16B7-9DA6-431B-8BDC-02C862A08D49}.Debug|Any CPU.Build.0 = Debug|Any CPU
		{742C16B7-9DA6-431B-8BDC-02C862A08D49}.Release|Any CPU.ActiveCfg = Release|Any CPU
		{742C16B7-9DA6-431B-8BDC-02C862A08D49}.Release|Any CPU.Build.0 = Release|Any CPU
	EndGlobalSection
	GlobalSection(SolutionProperties) = preSolution
		HideSolutionNode = FALSE
	EndGlobalSection
EndGlobal
